
Microsoft Visual Studio Solution File, Format Version 12.00
# Visual Studio Version 17
VisualStudioVersion = 17.0.31912.275
MinimumVisualStudioVersion = 10.0.40219.1
Project("{9A19103F-16F7-4668-BE54-9A1E7A4F7556}") = "CS_demo", "CS_demo.csproj", "{FA4EB64E-DBB7-4DC0-8E99-DFECA6F3FE7C}"
EndProject
Global
	GlobalSection(SolutionConfigurationPlatforms) = preSolution
		Debug|Any CPU = Debug|Any CPU
		Release|Any CPU = Release|Any CPU
	EndGlobalSection
	GlobalSection(ProjectConfigurationPlatforms) = postSolution
		{FA4EB64E-DBB7-4DC0-8E99-DFECA6F3FE7C}.Debug|Any CPU.ActiveCfg = Debug|Any CPU
		{FA4EB64E-DBB7-4DC0-8E99-DFECA6F3FE7C}.Debug|Any CPU.Build.0 = Debug|Any CPU
		{FA4EB64E-DBB7-4DC0-8E99-DFECA6F3FE7C}.Release|Any CPU.ActiveCfg = Release|Any CPU
		{FA4EB64E-DBB7-4DC0-8E99-DFECA6F3FE7C}.Release|Any CPU.Build.0 = Release|Any CPU
	EndGlobalSection
	GlobalSection(SolutionProperties) = preSolution
		HideSolutionNode = FALSE
	EndGlobalSection
	GlobalSection(ExtensibilityGlobals) = postSolution
		SolutionGuid = {023CCE30-51BA-4A61-BC48-BDE2C820F690}
	EndGlobalSection
EndGlobal
